
Microsoft Visual Studio Solution File, Format Version 12.00
# Visual Studio 15
VisualStudioVersion = 15.0.27004.2008
MinimumVisualStudioVersion = 10.0.40219.1
Project("{9A19103F-16F7-4668-BE54-9A1E7A4F7556}") = "Web", "Web\Web.csproj", "{4BD60D62-FC7D-4C6F-8FBD-1831DA2C27CB}"
EndProject
Project("{9A19103F-16F7-4668-BE54-9A1E7A4F7556}") = "Database.Interfaces", "Database.Interfaces\Database.Interfaces.csproj", "{3CB5A41B-5F99-4215-AEEB-F15873630E0F}"
EndProject
Project("{FAE04EC0-301F-11D3-BF4B-00C04F79EFBC}") = "Database", "Database\Database.csproj", "{14F265E9-C7A5-402E-ACDE-B8CA8C5BA294}"
EndProject
Global
	GlobalSection(SolutionConfigurationPlatforms) = preSolution
		Debug|Any CPU = Debug|Any CPU
		Release|Any CPU = Release|Any CPU
	EndGlobalSection
	GlobalSection(ProjectConfigurationPlatforms) = postSolution
		{4BD60D62-FC7D-4C6F-8FBD-1831DA2C27CB}.Debug|Any CPU.ActiveCfg = Debug|Any CPU
		{4BD60D62-FC7D-4C6F-8FBD-1831DA2C27CB}.Debug|Any CPU.Build.0 = Debug|Any CPU
		{4BD60D62-FC7D-4C6F-8FBD-1831DA2C27CB}.Release|Any CPU.ActiveCfg = Release|Any CPU
		{4BD60D62-FC7D-4C6F-8FBD-1831DA2C27CB}.Release|Any CPU.Build.0 = Release|Any CPU
		{3CB5A41B-5F99-4215-AEEB-F15873630E0F}.Debug|Any CPU.ActiveCfg = Debug|Any CPU
		{3CB5A41B-5F99-4215-AEEB-F15873630E0F}.Debug|Any CPU.Build.0 = Debug|Any CPU
		{3CB5A41B-5F99-4215-AEEB-F15873630E0F}.Release|Any CPU.ActiveCfg = Release|Any CPU
		{3CB5A41B-5F99-4215-AEEB-F15873630E0F}.Release|Any CPU.Build.0 = Release|Any CPU
		{14F265E9-C7A5-402E-ACDE-B8CA8C5BA294}.Debug|Any CPU.ActiveCfg = Debug|Any CPU
		{14F265E9-C7A5-402E-ACDE-B8CA8C5BA294}.Debug|Any CPU.Build.0 = Debug|Any CPU
		{14F265E9-C7A5-402E-ACDE-B8CA8C5BA294}.Release|Any CPU.ActiveCfg = Release|Any CPU
		{14F265E9-C7A5-402E-ACDE-B8CA8C5BA294}.Release|Any CPU.Build.0 = Release|Any CPU
	EndGlobalSection
	GlobalSection(SolutionProperties) = preSolution
		HideSolutionNode = FALSE
	EndGlobalSection
	GlobalSection(ExtensibilityGlobals) = postSolution
		SolutionGuid = {8CDDEC9D-D932-410D-B64E-0E4CDC2DF998}
	EndGlobalSection
EndGlobal
